{
  "originHash" : "1448bb744a4e6876582602d641d94cb96b5f201725effe508fd39e82cfe984fa",
  "pins" : [
    {
      "identity" : "swiftnetworking",
      "kind" : "remoteSourceControl",
      "location" : "https://github.com/BK-Teisrud/SwiftNetworking.git",
      "state" : {
        "revision" : "6d43ed8e97e69f0f5ef0c9104962cde5963acbdc",
        "version" : "0.3.0"
      }
    }
  ],
  "version" : 3
}
