// !$*UTF8*$!
{ archiveVersion = 1; classes = {}; objectVersion = 56; objects = {
000000000000000000000001 = { isa = PBXProject; mainGroup = 000000000000000000000002; productRefGroup = 000000000000000000000003; targets = (000000000000000000000004, 00000000000000000000001E); buildConfigurationList = 00000000000000000000000C; compatibilityVersion = "Xcode 14.0"; developmentRegion = en; knownRegions = (en, Base); projectDirPath = ""; projectRoot = ""; packageReferences = (000000000000000000000014, 000000000000000000000015); attributes = { LastUpgradeCheck = 2620; }; };
000000000000000000000002 = { isa = PBXGroup; children = (000000000000000000000005, 000000000000000000000006, 000000000000000000000020, 000000000000000000000003); sourceTree = "<group>"; };
000000000000000000000003 = { isa = PBXGroup; name = Products; children = (000000000000000000000007, 00000000000000000000001F); sourceTree = "<group>"; };
000000000000000000000004 = { isa = PBXNativeTarget; name = AuthExample; productName = AuthExample; productType = "com.apple.product-type.application"; productReference = 000000000000000000000007; buildConfigurationList = 00000000000000000000000D; buildPhases = (000000000000000000000008, 000000000000000000000009, 00000000000000000000000A); dependencies = (); buildRules = (); packageProductDependencies = (000000000000000000000016, 000000000000000000000017); };
000000000000000000000005 = { isa = PBXFileReference; lastKnownFileType = sourcecode.swift; path = AuthExampleApp.swift; sourceTree = "<group>"; };
000000000000000000000006 = { isa = PBXFileReference; lastKnownFileType = text.plist.xml; path = Info.plist; sourceTree = "<group>"; };
000000000000000000000007 = { isa = PBXFileReference; explicitFileType = wrapper.application; path = AuthExample.app; sourceTree = BUILT_PRODUCTS_DIR; };
000000000000000000000008 = { isa = PBXSourcesBuildPhase; buildActionMask = 2147483647; files = (00000000000000000000000B); runOnlyForDeploymentPostprocessing = 0; };
000000000000000000000009 = { isa = PBXFrameworksBuildPhase; buildActionMask = 2147483647; files = (000000000000000000000018, 000000000000000000000019); runOnlyForDeploymentPostprocessing = 0; };
00000000000000000000000A = { isa = PBXResourcesBuildPhase; buildActionMask = 2147483647; files = (); runOnlyForDeploymentPostprocessing = 0; };
00000000000000000000000B = { isa = PBXBuildFile; fileRef = 000000000000000000000005; };
00000000000000000000000C = { isa = XCConfigurationList; buildConfigurations = (00000000000000000000000E, 00000000000000000000000F); defaultConfigurationIsVisible = 0; defaultConfigurationName = Release; };
00000000000000000000000D = { isa = XCConfigurationList; buildConfigurations = (000000000000000000000010, 000000000000000000000011); defaultConfigurationIsVisible = 0; defaultConfigurationName = Release; };
00000000000000000000000E = { isa = XCBuildConfiguration; name = Debug; buildSettings = { SWIFT_OPTIMIZATION_LEVEL = "-Onone"; ONLY_ACTIVE_ARCH = YES; }; };
00000000000000000000000F = { isa = XCBuildConfiguration; name = Release; buildSettings = { SWIFT_OPTIMIZATION_LEVEL = "-O"; }; };
000000000000000000000010 = { isa = XCBuildConfiguration; name = Debug; buildSettings = { PRODUCT_BUNDLE_IDENTIFIER = com.teisrud.authexample; PRODUCT_NAME = "$(TARGET_NAME)";
SWIFT_VERSION = 6.0; ALWAYS_SEARCH_USER_PATHS = NO; IPHONEOS_DEPLOYMENT_TARGET = 17.0; MACOSX_DEPLOYMENT_TARGET = 14.0;
SUPPORTED_PLATFORMS = "iphoneos iphonesimulator macosx"; SDKROOT = auto;
TARGETED_DEVICE_FAMILY = "1,2"; INFOPLIST_FILE = Info.plist; CODE_SIGN_STYLE = Automatic; CODE_SIGN_ENTITLEMENTS = AuthExample.entitlements;
AUTH_ISSUER = ""; AUTH_CLIENT_ID = ""; AUTH_RESOURCE = ""; AUTH_API_URL = ""; }; };
000000000000000000000011 = { isa = XCBuildConfiguration; name = Release; buildSettings = { PRODUCT_BUNDLE_IDENTIFIER = com.teisrud.authexample; PRODUCT_NAME = "$(TARGET_NAME)";
SWIFT_VERSION = 6.0; ALWAYS_SEARCH_USER_PATHS = NO; IPHONEOS_DEPLOYMENT_TARGET = 17.0; MACOSX_DEPLOYMENT_TARGET = 14.0;
SUPPORTED_PLATFORMS = "iphoneos iphonesimulator macosx"; SDKROOT = auto;
TARGETED_DEVICE_FAMILY = "1,2"; INFOPLIST_FILE = Info.plist; CODE_SIGN_STYLE = Automatic; CODE_SIGN_ENTITLEMENTS = AuthExample.entitlements;
AUTH_ISSUER = ""; AUTH_CLIENT_ID = ""; AUTH_RESOURCE = ""; AUTH_API_URL = ""; }; };
000000000000000000000014 = { isa = XCLocalSwiftPackageReference; relativePath = ../..; };
000000000000000000000015 = { isa = XCRemoteSwiftPackageReference; repositoryURL = "https://github.com/BK-Teisrud/SwiftNetworking.git"; requirement = { kind = exactVersion; version = 0.3.0; }; };
000000000000000000000016 = { isa = XCSwiftPackageProductDependency; package = 000000000000000000000014; productName = Auth; };
000000000000000000000017 = { isa = XCSwiftPackageProductDependency; package = 000000000000000000000015; productName = Networking; };
000000000000000000000018 = { isa = PBXBuildFile; productRef = 000000000000000000000016; };
000000000000000000000019 = { isa = PBXBuildFile; productRef = 000000000000000000000017; };
00000000000000000000001E = { isa = PBXNativeTarget; name = AuthExampleTests; productName = AuthExampleTests; productType = "com.apple.product-type.bundle.unit-test"; productReference = 00000000000000000000001F; buildConfigurationList = 000000000000000000000024; buildPhases = (000000000000000000000021, 000000000000000000000022); dependencies = (000000000000000000000027); buildRules = (); packageProductDependencies = (000000000000000000000016); };
00000000000000000000001F = { isa = PBXFileReference; explicitFileType = wrapper.cfbundle; path = AuthExampleTests.xctest; sourceTree = BUILT_PRODUCTS_DIR; };
000000000000000000000020 = { isa = PBXFileReference; lastKnownFileType = sourcecode.swift; path = ../../Tests/AuthTests/KeychainIntegrationTests.swift; sourceTree = "<group>"; };
000000000000000000000021 = { isa = PBXSourcesBuildPhase; buildActionMask = 2147483647; files = (000000000000000000000023); runOnlyForDeploymentPostprocessing = 0; };
000000000000000000000022 = { isa = PBXFrameworksBuildPhase; buildActionMask = 2147483647; files = (000000000000000000000029); runOnlyForDeploymentPostprocessing = 0; };
000000000000000000000023 = { isa = PBXBuildFile; fileRef = 000000000000000000000020; };
000000000000000000000024 = { isa = XCConfigurationList; buildConfigurations = (000000000000000000000025, 000000000000000000000026); defaultConfigurationIsVisible = 0; defaultConfigurationName = Release; };
000000000000000000000025 = { isa = XCBuildConfiguration; name = Debug; buildSettings = { PRODUCT_BUNDLE_IDENTIFIER = com.teisrud.authexample.tests; PRODUCT_NAME = "$(TARGET_NAME)";
SWIFT_VERSION = 6.0; ALWAYS_SEARCH_USER_PATHS = NO; IPHONEOS_DEPLOYMENT_TARGET = 17.0; MACOSX_DEPLOYMENT_TARGET = 14.0;
SUPPORTED_PLATFORMS = "iphoneos iphonesimulator macosx"; SDKROOT = auto;
TARGETED_DEVICE_FAMILY = "1,2"; GENERATE_INFOPLIST_FILE = YES; CODE_SIGN_STYLE = Automatic;
TEST_HOST = "$(BUILT_PRODUCTS_DIR)/AuthExample.app/$(BUNDLE_EXECUTABLE_FOLDER_PATH)/AuthExample";
BUNDLE_LOADER = "$(TEST_HOST)"; SWIFT_ACTIVE_COMPILATION_CONDITIONS = "$(inherited) AUTH_HOSTED_KEYCHAIN_TESTS"; }; };
000000000000000000000026 = { isa = XCBuildConfiguration; name = Release; buildSettings = { PRODUCT_BUNDLE_IDENTIFIER = com.teisrud.authexample.tests; PRODUCT_NAME = "$(TARGET_NAME)";
SWIFT_VERSION = 6.0; ALWAYS_SEARCH_USER_PATHS = NO; IPHONEOS_DEPLOYMENT_TARGET = 17.0; MACOSX_DEPLOYMENT_TARGET = 14.0;
SUPPORTED_PLATFORMS = "iphoneos iphonesimulator macosx"; SDKROOT = auto;
TARGETED_DEVICE_FAMILY = "1,2"; GENERATE_INFOPLIST_FILE = YES; CODE_SIGN_STYLE = Automatic;
TEST_HOST = "$(BUILT_PRODUCTS_DIR)/AuthExample.app/$(BUNDLE_EXECUTABLE_FOLDER_PATH)/AuthExample";
BUNDLE_LOADER = "$(TEST_HOST)"; SWIFT_ACTIVE_COMPILATION_CONDITIONS = "$(inherited) AUTH_HOSTED_KEYCHAIN_TESTS"; }; };
000000000000000000000027 = { isa = PBXTargetDependency; target = 000000000000000000000004; targetProxy = 000000000000000000000028; };
000000000000000000000028 = { isa = PBXContainerItemProxy; containerPortal = 000000000000000000000001; proxyType = 1; remoteGlobalIDString = 000000000000000000000004; remoteInfo = AuthExample; };
000000000000000000000029 = { isa = PBXBuildFile; productRef = 000000000000000000000016; };
}; rootObject = 000000000000000000000001; }
